
Microsoft Visual Studio Solution File, Format Version 12.00
# Visual Studio Version 16
VisualStudioVersion = 16.0.30204.135
MinimumVisualStudioVersion = 10.0.40219.1
Project("{FAE04EC0-301F-11D3-BF4B-00C04F79EFBC}") = "TesteDTI", "TesteDTI\TesteDTI.csproj", "{249922F3-80E8-4DAB-8CF3-37AB3EC1D61D}"
EndProject
Project("{FAE04EC0-301F-11D3-BF4B-00C04F79EFBC}") = "TesteDTI_UnitTest", "TesteDTI_UnitTest\TesteDTI_UnitTest.csproj", "{BBB44449-3169-4A62-8950-01315BF90D42}"
	ProjectSection(ProjectDependencies) = postProject
		{249922F3-80E8-4DAB-8CF3-37AB3EC1D61D} = {249922F3-80E8-4DAB-8CF3-37AB3EC1D61D}
	EndProjectSection
EndProject
Global
	GlobalSection(SolutionConfigurationPlatforms) = preSolution
		Debug|Any CPU = Debug|Any CPU
		Release|Any CPU = Release|Any CPU
	EndGlobalSection
	GlobalSection(ProjectConfigurationPlatforms) = postSolution
		{249922F3-80E8-4DAB-8CF3-37AB3EC1D61D}.Debug|Any CPU.ActiveCfg = Debug|Any CPU
		{249922F3-80E8-4DAB-8CF3-37AB3EC1D61D}.Debug|Any CPU.Build.0 = Debug|Any CPU
		{249922F3-80E8-4DAB-8CF3-37AB3EC1D61D}.Release|Any CPU.ActiveCfg = Release|Any CPU
		{249922F3-80E8-4DAB-8CF3-37AB3EC1D61D}.Release|Any CPU.Build.0 = Release|Any CPU
		{BBB44449-3169-4A62-8950-01315BF90D42}.Debug|Any CPU.ActiveCfg = Debug|Any CPU
		{BBB44449-3169-4A62-8950-01315BF90D42}.Debug|Any CPU.Build.0 = Debug|Any CPU
		{BBB44449-3169-4A62-8950-01315BF90D42}.Release|Any CPU.ActiveCfg = Release|Any CPU
		{BBB44449-3169-4A62-8950-01315BF90D42}.Release|Any CPU.Build.0 = Release|Any CPU
	EndGlobalSection
	GlobalSection(SolutionProperties) = preSolution
		HideSolutionNode = FALSE
	EndGlobalSection
	GlobalSection(ExtensibilityGlobals) = postSolution
		SolutionGuid = {CC9F1BD7-AD73-45DA-AD09-1BE00500BFC9}
	EndGlobalSection
EndGlobal
